
Microsoft Visual Studio Solution File, Format Version 12.00
Project("{FAE04EC0-301F-11D3-BF4B-00C04F79EFBC}") = "TestCrudApp", "TestCrudApp\TestCrudApp.csproj", "{5AF974F7-4B2A-4138-AB70-6E8F7AFF88DD}"
EndProject
Project("{FAE04EC0-301F-11D3-BF4B-00C04F79EFBC}") = "TestCrudAppDomain", "TestCrudAppDomain\TestCrudAppDomain.csproj", "{B4701531-C71F-4EFC-A0A4-64316FE2DA89}"
EndProject
Global
	GlobalSection(SolutionConfigurationPlatforms) = preSolution
		Debug|Any CPU = Debug|Any CPU
		Release|Any CPU = Release|Any CPU
	EndGlobalSection
	GlobalSection(ProjectConfigurationPlatforms) = postSolution
		{5AF974F7-4B2A-4138-AB70-6E8F7AFF88DD}.Debug|Any CPU.ActiveCfg = Debug|Any CPU
		{5AF974F7-4B2A-4138-AB70-6E8F7AFF88DD}.Debug|Any CPU.Build.0 = Debug|Any CPU
		{5AF974F7-4B2A-4138-AB70-6E8F7AFF88DD}.Release|Any CPU.ActiveCfg = Release|Any CPU
		{5AF974F7-4B2A-4138-AB70-6E8F7AFF88DD}.Release|Any CPU.Build.0 = Release|Any CPU
		{B4701531-C71F-4EFC-A0A4-64316FE2DA89}.Debug|Any CPU.ActiveCfg = Debug|Any CPU
		{B4701531-C71F-4EFC-A0A4-64316FE2DA89}.Debug|Any CPU.Build.0 = Debug|Any CPU
		{B4701531-C71F-4EFC-A0A4-64316FE2DA89}.Release|Any CPU.ActiveCfg = Release|Any CPU
		{B4701531-C71F-4EFC-A0A4-64316FE2DA89}.Release|Any CPU.Build.0 = Release|Any CPU
	EndGlobalSection
EndGlobal
